
Microsoft Visual Studio Solution File, Format Version 12.00
# Visual Studio Version 17
VisualStudioVersion = 17.10.35013.160
MinimumVisualStudioVersion = 10.0.40219.1
Project("{FAE04EC0-301F-11D3-BF4B-00C04F79EFBC}") = "SecureDrive", "SecureDrive.csproj", "{E01B662F-84B7-47C2-A125-CB261EDC7877}"
EndProject
Global
	GlobalSection(SolutionConfigurationPlatforms) = preSolution
		Debug|Any CPU = Debug|Any CPU
		Release|Any CPU = Release|Any CPU
	EndGlobalSection
	GlobalSection(ProjectConfigurationPlatforms) = postSolution
		{E01B662F-84B7-47C2-A125-CB261EDC7877}.Debug|Any CPU.ActiveCfg = Debug|Any CPU
		{E01B662F-84B7-47C2-A125-CB261EDC7877}.Debug|Any CPU.Build.0 = Debug|Any CPU
		{E01B662F-84B7-47C2-A125-CB261EDC7877}.Release|Any CPU.ActiveCfg = Release|Any CPU
		{E01B662F-84B7-47C2-A125-CB261EDC7877}.Release|Any CPU.Build.0 = Release|Any CPU
	EndGlobalSection
	GlobalSection(SolutionProperties) = preSolution
		HideSolutionNode = FALSE
	EndGlobalSection
	GlobalSection(ExtensibilityGlobals) = postSolution
		SolutionGuid = {C90BF5C6-C0B3-4788-B143-C3AC2DD930A4}
	EndGlobalSection
EndGlobal
